
Microsoft Visual Studio Solution File, Format Version 12.00
# Visual Studio 2013
VisualStudioVersion = 12.0.31101.0
MinimumVisualStudioVersion = 10.0.40219.1
Project("{FAE04EC0-301F-11D3-BF4B-00C04F79EFBC}") = "AutoTSForEtong", "AutoTSForEtong\AutoTSForEtong.csproj", "{DF4C5AE7-5833-4500-A7E5-C941941B3E5B}"
	ProjectSection(ProjectDependencies) = postProject
		{4D79EB02-E734-4884-8CEC-189A775536C1} = {4D79EB02-E734-4884-8CEC-189A775536C1}
		{787DD325-D83D-4C93-A3AE-A6FE0001BBBE} = {787DD325-D83D-4C93-A3AE-A6FE0001BBBE}
		{F503CF94-6AEB-4ABC-9977-33C0E2E17FED} = {F503CF94-6AEB-4ABC-9977-33C0E2E17FED}
	EndProjectSection
EndProject
Project("{FAE04EC0-301F-11D3-BF4B-00C04F79EFBC}") = "AutoTSForEtongTests", "AutoTSForEtongTests\AutoTSForEtongTests.csproj", "{8F8B103A-51B6-4266-B87F-6AF2CAE27695}"
EndProject
Project("{FAE04EC0-301F-11D3-BF4B-00C04F79EFBC}") = "AutoTSForETongModel", "AutoTSForETongModel\AutoTSForETongModel.csproj", "{787DD325-D83D-4C93-A3AE-A6FE0001BBBE}"
EndProject
Project("{FAE04EC0-301F-11D3-BF4B-00C04F79EFBC}") = "AutoTSForETongTools", "AutoTSForETongTools\AutoTSForETongTools.csproj", "{4D79EB02-E734-4884-8CEC-189A775536C1}"
EndProject
Project("{FAE04EC0-301F-11D3-BF4B-00C04F79EFBC}") = "AutoTSForETongImplOfData", "AutoTSForETongImplOfData\AutoTSForETongImplOfData.csproj", "{FDFEDAC1-DC35-4584-B568-52F3F40637CB}"
	ProjectSection(ProjectDependencies) = postProject
		{787DD325-D83D-4C93-A3AE-A6FE0001BBBE} = {787DD325-D83D-4C93-A3AE-A6FE0001BBBE}
		{251F8BBB-DF18-4C93-8AE9-E3E87F84BA73} = {251F8BBB-DF18-4C93-8AE9-E3E87F84BA73}
	EndProjectSection
EndProject
Project("{FAE04EC0-301F-11D3-BF4B-00C04F79EFBC}") = "AutoTSForETongDataFramework", "AutoTSForETongDataFramework\AutoTSForETongDataFramework.csproj", "{251F8BBB-DF18-4C93-8AE9-E3E87F84BA73}"
	ProjectSection(ProjectDependencies) = postProject
		{787DD325-D83D-4C93-A3AE-A6FE0001BBBE} = {787DD325-D83D-4C93-A3AE-A6FE0001BBBE}
	EndProjectSection
EndProject
Project("{FAE04EC0-301F-11D3-BF4B-00C04F79EFBC}") = "AutoTSForETongSysCore", "AutoTSForETongSysCore\AutoTSForETongSysCore.csproj", "{F503CF94-6AEB-4ABC-9977-33C0E2E17FED}"
	ProjectSection(ProjectDependencies) = postProject
		{4D79EB02-E734-4884-8CEC-189A775536C1} = {4D79EB02-E734-4884-8CEC-189A775536C1}
		{787DD325-D83D-4C93-A3AE-A6FE0001BBBE} = {787DD325-D83D-4C93-A3AE-A6FE0001BBBE}
		{FDFEDAC1-DC35-4584-B568-52F3F40637CB} = {FDFEDAC1-DC35-4584-B568-52F3F40637CB}
	EndProjectSection
EndProject
Project("{2150E333-8FDC-42A3-9474-1A3956D46DE8}") = "1-Models", "1-Models", "{29DB181E-AF3A-477D-877E-916A2713864C}"
EndProject
Project("{2150E333-8FDC-42A3-9474-1A3956D46DE8}") = "2-ATS.DLL", "2-ATS.DLL", "{C24B258E-6994-4645-B1E1-F67C5560E393}"
EndProject
Project("{2150E333-8FDC-42A3-9474-1A3956D46DE8}") = "3-ATS.BLL", "3-ATS.BLL", "{6C00C274-CA16-49A2-826C-40D105732BFF}"
EndProject
Project("{2150E333-8FDC-42A3-9474-1A3956D46DE8}") = "4-ATS.UI", "4-ATS.UI", "{2F690A12-7702-436E-AFFA-6C889203EF13}"
EndProject
Project("{FAE04EC0-301F-11D3-BF4B-00C04F79EFBC}") = "NinjectIOC", "NinjectIOC\NinjectIOC.csproj", "{6BFB359D-AA56-4B27-AF61-61C639A1ED0A}"
	ProjectSection(ProjectDependencies) = postProject
		{787DD325-D83D-4C93-A3AE-A6FE0001BBBE} = {787DD325-D83D-4C93-A3AE-A6FE0001BBBE}
		{F503CF94-6AEB-4ABC-9977-33C0E2E17FED} = {F503CF94-6AEB-4ABC-9977-33C0E2E17FED}
		{251F8BBB-DF18-4C93-8AE9-E3E87F84BA73} = {251F8BBB-DF18-4C93-8AE9-E3E87F84BA73}
		{FDFEDAC1-DC35-4584-B568-52F3F40637CB} = {FDFEDAC1-DC35-4584-B568-52F3F40637CB}
	EndProjectSection
EndProject
Project("{FAE04EC0-301F-11D3-BF4B-00C04F79EFBC}") = "AutoTSForETongUserCore", "AutoTSForETongUserCore\AutoTSForETongUserCore.csproj", "{F3994C7E-CD8C-4D83-8AAD-BFA77F1B89AA}"
	ProjectSection(ProjectDependencies) = postProject
		{4D79EB02-E734-4884-8CEC-189A775536C1} = {4D79EB02-E734-4884-8CEC-189A775536C1}
		{787DD325-D83D-4C93-A3AE-A6FE0001BBBE} = {787DD325-D83D-4C93-A3AE-A6FE0001BBBE}
		{251F8BBB-DF18-4C93-8AE9-E3E87F84BA73} = {251F8BBB-DF18-4C93-8AE9-E3E87F84BA73}
		{FDFEDAC1-DC35-4584-B568-52F3F40637CB} = {FDFEDAC1-DC35-4584-B568-52F3F40637CB}
	EndProjectSection
EndProject
Project("{FAE04EC0-301F-11D3-BF4B-00C04F79EFBC}") = "AutoTSForEtongCosole", "AutoTSForEtongCosole\AutoTSForEtongCosole.csproj", "{A5DF119E-73FD-4386-83EB-6318ED723C16}"
	ProjectSection(ProjectDependencies) = postProject
		{787DD325-D83D-4C93-A3AE-A6FE0001BBBE} = {787DD325-D83D-4C93-A3AE-A6FE0001BBBE}
		{FDFEDAC1-DC35-4584-B568-52F3F40637CB} = {FDFEDAC1-DC35-4584-B568-52F3F40637CB}
	EndProjectSection
EndProject
Global
	GlobalSection(SolutionConfigurationPlatforms) = preSolution
		Debug|Any CPU = Debug|Any CPU
		Release|Any CPU = Release|Any CPU
	EndGlobalSection
	GlobalSection(ProjectConfigurationPlatforms) = postSolution
		{DF4C5AE7-5833-4500-A7E5-C941941B3E5B}.Debug|Any CPU.ActiveCfg = Debug|Any CPU
		{DF4C5AE7-5833-4500-A7E5-C941941B3E5B}.Debug|Any CPU.Build.0 = Debug|Any CPU
		{DF4C5AE7-5833-4500-A7E5-C941941B3E5B}.Release|Any CPU.ActiveCfg = Release|Any CPU
		{DF4C5AE7-5833-4500-A7E5-C941941B3E5B}.Release|Any CPU.Build.0 = Release|Any CPU
		{8F8B103A-51B6-4266-B87F-6AF2CAE27695}.Debug|Any CPU.ActiveCfg = Debug|Any CPU
		{8F8B103A-51B6-4266-B87F-6AF2CAE27695}.Debug|Any CPU.Build.0 = Debug|Any CPU
		{8F8B103A-51B6-4266-B87F-6AF2CAE27695}.Release|Any CPU.ActiveCfg = Release|Any CPU
		{8F8B103A-51B6-4266-B87F-6AF2CAE27695}.Release|Any CPU.Build.0 = Release|Any CPU
		{787DD325-D83D-4C93-A3AE-A6FE0001BBBE}.Debug|Any CPU.ActiveCfg = Debug|Any CPU
		{787DD325-D83D-4C93-A3AE-A6FE0001BBBE}.Debug|Any CPU.Build.0 = Debug|Any CPU
		{787DD325-D83D-4C93-A3AE-A6FE0001BBBE}.Release|Any CPU.ActiveCfg = Release|Any CPU
		{787DD325-D83D-4C93-A3AE-A6FE0001BBBE}.Release|Any CPU.Build.0 = Release|Any CPU
		{4D79EB02-E734-4884-8CEC-189A775536C1}.Debug|Any CPU.ActiveCfg = Debug|Any CPU
		{4D79EB02-E734-4884-8CEC-189A775536C1}.Debug|Any CPU.Build.0 = Debug|Any CPU
		{4D79EB02-E734-4884-8CEC-189A775536C1}.Release|Any CPU.ActiveCfg = Release|Any CPU
		{4D79EB02-E734-4884-8CEC-189A775536C1}.Release|Any CPU.Build.0 = Release|Any CPU
		{FDFEDAC1-DC35-4584-B568-52F3F40637CB}.Debug|Any CPU.ActiveCfg = Debug|Any CPU
		{FDFEDAC1-DC35-4584-B568-52F3F40637CB}.Debug|Any CPU.Build.0 = Debug|Any CPU
		{FDFEDAC1-DC35-4584-B568-52F3F40637CB}.Release|Any CPU.ActiveCfg = Release|Any CPU
		{FDFEDAC1-DC35-4584-B568-52F3F40637CB}.Release|Any CPU.Build.0 = Release|Any CPU
		{251F8BBB-DF18-4C93-8AE9-E3E87F84BA73}.Debug|Any CPU.ActiveCfg = Debug|Any CPU
		{251F8BBB-DF18-4C93-8AE9-E3E87F84BA73}.Debug|Any CPU.Build.0 = Debug|Any CPU
		{251F8BBB-DF18-4C93-8AE9-E3E87F84BA73}.Release|Any CPU.ActiveCfg = Release|Any CPU
		{251F8BBB-DF18-4C93-8AE9-E3E87F84BA73}.Release|Any CPU.Build.0 = Release|Any CPU
		{F503CF94-6AEB-4ABC-9977-33C0E2E17FED}.Debug|Any CPU.ActiveCfg = Debug|Any CPU
		{F503CF94-6AEB-4ABC-9977-33C0E2E17FED}.Debug|Any CPU.Build.0 = Debug|Any CPU
		{F503CF94-6AEB-4ABC-9977-33C0E2E17FED}.Release|Any CPU.ActiveCfg = Release|Any CPU
		{F503CF94-6AEB-4ABC-9977-33C0E2E17FED}.Release|Any CPU.Build.0 = Release|Any CPU
		{6BFB359D-AA56-4B27-AF61-61C639A1ED0A}.Debug|Any CPU.ActiveCfg = Debug|Any CPU
		{6BFB359D-AA56-4B27-AF61-61C639A1ED0A}.Debug|Any CPU.Build.0 = Debug|Any CPU
		{6BFB359D-AA56-4B27-AF61-61C639A1ED0A}.Release|Any CPU.ActiveCfg = Release|Any CPU
		{6BFB359D-AA56-4B27-AF61-61C639A1ED0A}.Release|Any CPU.Build.0 = Release|Any CPU
		{F3994C7E-CD8C-4D83-8AAD-BFA77F1B89AA}.Debug|Any CPU.ActiveCfg = Debug|Any CPU
		{F3994C7E-CD8C-4D83-8AAD-BFA77F1B89AA}.Debug|Any CPU.Build.0 = Debug|Any CPU
		{F3994C7E-CD8C-4D83-8AAD-BFA77F1B89AA}.Release|Any CPU.ActiveCfg = Release|Any CPU
		{F3994C7E-CD8C-4D83-8AAD-BFA77F1B89AA}.Release|Any CPU.Build.0 = Release|Any CPU
		{A5DF119E-73FD-4386-83EB-6318ED723C16}.Debug|Any CPU.ActiveCfg = Debug|Any CPU
		{A5DF119E-73FD-4386-83EB-6318ED723C16}.Debug|Any CPU.Build.0 = Debug|Any CPU
		{A5DF119E-73FD-4386-83EB-6318ED723C16}.Release|Any CPU.ActiveCfg = Release|Any CPU
		{A5DF119E-73FD-4386-83EB-6318ED723C16}.Release|Any CPU.Build.0 = Release|Any CPU
	EndGlobalSection
	GlobalSection(SolutionProperties) = preSolution
		HideSolutionNode = FALSE
	EndGlobalSection
	GlobalSection(NestedProjects) = preSolution
		{DF4C5AE7-5833-4500-A7E5-C941941B3E5B} = {2F690A12-7702-436E-AFFA-6C889203EF13}
		{787DD325-D83D-4C93-A3AE-A6FE0001BBBE} = {29DB181E-AF3A-477D-877E-916A2713864C}
		{4D79EB02-E734-4884-8CEC-189A775536C1} = {29DB181E-AF3A-477D-877E-916A2713864C}
		{FDFEDAC1-DC35-4584-B568-52F3F40637CB} = {C24B258E-6994-4645-B1E1-F67C5560E393}
		{251F8BBB-DF18-4C93-8AE9-E3E87F84BA73} = {C24B258E-6994-4645-B1E1-F67C5560E393}
		{F503CF94-6AEB-4ABC-9977-33C0E2E17FED} = {6C00C274-CA16-49A2-826C-40D105732BFF}
		{6BFB359D-AA56-4B27-AF61-61C639A1ED0A} = {6C00C274-CA16-49A2-826C-40D105732BFF}
		{F3994C7E-CD8C-4D83-8AAD-BFA77F1B89AA} = {6C00C274-CA16-49A2-826C-40D105732BFF}
	EndGlobalSection
EndGlobal
